
Microsoft Visual Studio Solution File, Format Version 12.00
# Visual Studio 15
Project("{FAE04EC0-301F-11D3-BF4B-00C04F79EFBC}") = "Assembly-CSharp", "Assembly-CSharp.csproj", "{0362A138-1250-55D8-F70E-6577926DA7D4}"
EndProject
Project("{FAE04EC0-301F-11D3-BF4B-00C04F79EFBC}") = "AstarPathfindingProject", "AstarPathfindingProject.csproj", "{18C9F739-C305-332D-BCCD-41B1DEFCDC23}"
EndProject
Project("{FAE04EC0-301F-11D3-BF4B-00C04F79EFBC}") = "AstarPathfindingProjectEditor", "AstarPathfindingProjectEditor.csproj", "{B4F8AE26-DAFA-3973-0FF0-0A5DF530712E}"
EndProject
Project("{FAE04EC0-301F-11D3-BF4B-00C04F79EFBC}") = "PackageToolsEditor", "PackageToolsEditor.csproj", "{70EAE114-FDC3-1BF9-E765-433BF32A6C38}"
EndProject
Project("{FAE04EC0-301F-11D3-BF4B-00C04F79EFBC}") = "Assembly-CSharp-Editor", "Assembly-CSharp-Editor.csproj", "{11D6F0E4-1F45-A093-722A-59982C91DA17}"
EndProject
Global
	GlobalSection(SolutionConfigurationPlatforms) = preSolution
		Debug|Any CPU = Debug|Any CPU
		Release|Any CPU = Release|Any CPU
	EndGlobalSection
	GlobalSection(ProjectConfigurationPlatforms) = postSolution
		{0362A138-1250-55D8-F70E-6577926DA7D4}.Debug|Any CPU.ActiveCfg = Debug|Any CPU
		{0362A138-1250-55D8-F70E-6577926DA7D4}.Debug|Any CPU.Build.0 = Debug|Any CPU
		{0362A138-1250-55D8-F70E-6577926DA7D4}.Release|Any CPU.ActiveCfg = Release|Any CPU
		{0362A138-1250-55D8-F70E-6577926DA7D4}.Release|Any CPU.Build.0 = Release|Any CPU
		{18C9F739-C305-332D-BCCD-41B1DEFCDC23}.Debug|Any CPU.ActiveCfg = Debug|Any CPU
		{18C9F739-C305-332D-BCCD-41B1DEFCDC23}.Debug|Any CPU.Build.0 = Debug|Any CPU
		{18C9F739-C305-332D-BCCD-41B1DEFCDC23}.Release|Any CPU.ActiveCfg = Release|Any CPU
		{18C9F739-C305-332D-BCCD-41B1DEFCDC23}.Release|Any CPU.Build.0 = Release|Any CPU
		{B4F8AE26-DAFA-3973-0FF0-0A5DF530712E}.Debug|Any CPU.ActiveCfg = Debug|Any CPU
		{B4F8AE26-DAFA-3973-0FF0-0A5DF530712E}.Debug|Any CPU.Build.0 = Debug|Any CPU
		{B4F8AE26-DAFA-3973-0FF0-0A5DF530712E}.Release|Any CPU.ActiveCfg = Release|Any CPU
		{B4F8AE26-DAFA-3973-0FF0-0A5DF530712E}.Release|Any CPU.Build.0 = Release|Any CPU
		{70EAE114-FDC3-1BF9-E765-433BF32A6C38}.Debug|Any CPU.ActiveCfg = Debug|Any CPU
		{70EAE114-FDC3-1BF9-E765-433BF32A6C38}.Debug|Any CPU.Build.0 = Debug|Any CPU
		{70EAE114-FDC3-1BF9-E765-433BF32A6C38}.Release|Any CPU.ActiveCfg = Release|Any CPU
		{70EAE114-FDC3-1BF9-E765-433BF32A6C38}.Release|Any CPU.Build.0 = Release|Any CPU
		{11D6F0E4-1F45-A093-722A-59982C91DA17}.Debug|Any CPU.ActiveCfg = Debug|Any CPU
		{11D6F0E4-1F45-A093-722A-59982C91DA17}.Debug|Any CPU.Build.0 = Debug|Any CPU
		{11D6F0E4-1F45-A093-722A-59982C91DA17}.Release|Any CPU.ActiveCfg = Release|Any CPU
		{11D6F0E4-1F45-A093-722A-59982C91DA17}.Release|Any CPU.Build.0 = Release|Any CPU
	EndGlobalSection
	GlobalSection(SolutionProperties) = preSolution
		HideSolutionNode = FALSE
	EndGlobalSection
EndGlobal
